
Microsoft Visual Studio Solution File, Format Version 12.00
# Visual Studio Version 16
VisualStudioVersion = 16.0.33214.272
MinimumVisualStudioVersion = 10.0.40219.1
Project("{FAE04EC0-301F-11D3-BF4B-00C04F79EFBC}") = "Actividad 4 - Parte 3", "Actividad 4 - Parte 3.csproj", "{8C2E9F01-9721-4CCE-A8E9-09031F349184}"
EndProject
Global
	GlobalSection(SolutionConfigurationPlatforms) = preSolution
		Debug|Any CPU = Debug|Any CPU
		Release|Any CPU = Release|Any CPU
	EndGlobalSection
	GlobalSection(ProjectConfigurationPlatforms) = postSolution
		{8C2E9F01-9721-4CCE-A8E9-09031F349184}.Debug|Any CPU.ActiveCfg = Debug|Any CPU
		{8C2E9F01-9721-4CCE-A8E9-09031F349184}.Debug|Any CPU.Build.0 = Debug|Any CPU
		{8C2E9F01-9721-4CCE-A8E9-09031F349184}.Release|Any CPU.ActiveCfg = Release|Any CPU
		{8C2E9F01-9721-4CCE-A8E9-09031F349184}.Release|Any CPU.Build.0 = Release|Any CPU
	EndGlobalSection
	GlobalSection(SolutionProperties) = preSolution
		HideSolutionNode = FALSE
	EndGlobalSection
	GlobalSection(ExtensibilityGlobals) = postSolution
		SolutionGuid = {90A65DB9-40C6-4F32-8C05-AC6F3BC3F0A9}
	EndGlobalSection
EndGlobal
