
Microsoft Visual Studio Solution File, Format Version 12.00
# Visual Studio Version 16
VisualStudioVersion = 16.0.33214.272
MinimumVisualStudioVersion = 10.0.40219.1
Project("{FAE04EC0-301F-11D3-BF4B-00C04F79EFBC}") = "Actividad 11 - Parte 3", "Actividad 11 - Parte 3.csproj", "{C129265A-0993-4B15-A62C-1B3BF0E5AB55}"
EndProject
Global
	GlobalSection(SolutionConfigurationPlatforms) = preSolution
		Debug|Any CPU = Debug|Any CPU
		Release|Any CPU = Release|Any CPU
	EndGlobalSection
	GlobalSection(ProjectConfigurationPlatforms) = postSolution
		{C129265A-0993-4B15-A62C-1B3BF0E5AB55}.Debug|Any CPU.ActiveCfg = Debug|Any CPU
		{C129265A-0993-4B15-A62C-1B3BF0E5AB55}.Debug|Any CPU.Build.0 = Debug|Any CPU
		{C129265A-0993-4B15-A62C-1B3BF0E5AB55}.Release|Any CPU.ActiveCfg = Release|Any CPU
		{C129265A-0993-4B15-A62C-1B3BF0E5AB55}.Release|Any CPU.Build.0 = Release|Any CPU
	EndGlobalSection
	GlobalSection(SolutionProperties) = preSolution
		HideSolutionNode = FALSE
	EndGlobalSection
	GlobalSection(ExtensibilityGlobals) = postSolution
		SolutionGuid = {C45FB2CB-9AFA-41FD-B4E6-6F22D13BC4E7}
	EndGlobalSection
EndGlobal
