
Microsoft Visual Studio Solution File, Format Version 12.00
# Visual Studio Version 16
VisualStudioVersion = 16.0.33214.272
MinimumVisualStudioVersion = 10.0.40219.1
Project("{FAE04EC0-301F-11D3-BF4B-00C04F79EFBC}") = "Actividad 7 - Parte 1", "Actividad 7 - Parte 1.csproj", "{02E70247-19AF-4B81-A776-DA9B985569AC}"
EndProject
Global
	GlobalSection(SolutionConfigurationPlatforms) = preSolution
		Debug|Any CPU = Debug|Any CPU
		Release|Any CPU = Release|Any CPU
	EndGlobalSection
	GlobalSection(ProjectConfigurationPlatforms) = postSolution
		{02E70247-19AF-4B81-A776-DA9B985569AC}.Debug|Any CPU.ActiveCfg = Debug|Any CPU
		{02E70247-19AF-4B81-A776-DA9B985569AC}.Debug|Any CPU.Build.0 = Debug|Any CPU
		{02E70247-19AF-4B81-A776-DA9B985569AC}.Release|Any CPU.ActiveCfg = Release|Any CPU
		{02E70247-19AF-4B81-A776-DA9B985569AC}.Release|Any CPU.Build.0 = Release|Any CPU
	EndGlobalSection
	GlobalSection(SolutionProperties) = preSolution
		HideSolutionNode = FALSE
	EndGlobalSection
	GlobalSection(ExtensibilityGlobals) = postSolution
		SolutionGuid = {31E30537-3E9D-44FE-8E7A-415D31E36001}
	EndGlobalSection
EndGlobal
