
Microsoft Visual Studio Solution File, Format Version 12.00
# Visual Studio Version 16
VisualStudioVersion = 16.0.33214.272
MinimumVisualStudioVersion = 10.0.40219.1
Project("{FAE04EC0-301F-11D3-BF4B-00C04F79EFBC}") = "Tarea 3", "Tarea 3.csproj", "{F009984B-42D2-47B9-9679-3474C80C65AF}"
EndProject
Global
	GlobalSection(SolutionConfigurationPlatforms) = preSolution
		Debug|Any CPU = Debug|Any CPU
		Release|Any CPU = Release|Any CPU
	EndGlobalSection
	GlobalSection(ProjectConfigurationPlatforms) = postSolution
		{F009984B-42D2-47B9-9679-3474C80C65AF}.Debug|Any CPU.ActiveCfg = Debug|Any CPU
		{F009984B-42D2-47B9-9679-3474C80C65AF}.Debug|Any CPU.Build.0 = Debug|Any CPU
		{F009984B-42D2-47B9-9679-3474C80C65AF}.Release|Any CPU.ActiveCfg = Release|Any CPU
		{F009984B-42D2-47B9-9679-3474C80C65AF}.Release|Any CPU.Build.0 = Release|Any CPU
	EndGlobalSection
	GlobalSection(SolutionProperties) = preSolution
		HideSolutionNode = FALSE
	EndGlobalSection
	GlobalSection(ExtensibilityGlobals) = postSolution
		SolutionGuid = {DA5C7687-358B-4A77-869B-BF0A263243E1}
	EndGlobalSection
EndGlobal
