
Microsoft Visual Studio Solution File, Format Version 12.00
# Visual Studio Version 16
VisualStudioVersion = 16.0.33214.272
MinimumVisualStudioVersion = 10.0.40219.1
Project("{FAE04EC0-301F-11D3-BF4B-00C04F79EFBC}") = "Actividad 2 - Parte 1", "Actividad 2 - Parte 1.csproj", "{D0D9B8EC-BE9C-41EB-9BDF-A50E4B76A1F3}"
EndProject
Global
	GlobalSection(SolutionConfigurationPlatforms) = preSolution
		Debug|Any CPU = Debug|Any CPU
		Release|Any CPU = Release|Any CPU
	EndGlobalSection
	GlobalSection(ProjectConfigurationPlatforms) = postSolution
		{D0D9B8EC-BE9C-41EB-9BDF-A50E4B76A1F3}.Debug|Any CPU.ActiveCfg = Debug|Any CPU
		{D0D9B8EC-BE9C-41EB-9BDF-A50E4B76A1F3}.Debug|Any CPU.Build.0 = Debug|Any CPU
		{D0D9B8EC-BE9C-41EB-9BDF-A50E4B76A1F3}.Release|Any CPU.ActiveCfg = Release|Any CPU
		{D0D9B8EC-BE9C-41EB-9BDF-A50E4B76A1F3}.Release|Any CPU.Build.0 = Release|Any CPU
	EndGlobalSection
	GlobalSection(SolutionProperties) = preSolution
		HideSolutionNode = FALSE
	EndGlobalSection
	GlobalSection(ExtensibilityGlobals) = postSolution
		SolutionGuid = {F5036DE4-D1D7-4E91-836B-E2E1BAC61C9A}
	EndGlobalSection
EndGlobal
